
Microsoft Visual Studio Solution File, Format Version 12.00
# Visual Studio Version 16
VisualStudioVersion = 16.0.32002.261
MinimumVisualStudioVersion = 10.0.40219.1
Project("{FAE04EC0-301F-11D3-BF4B-00C04F79EFBC}") = "Test", "Test.csproj", "{661CEA27-A05B-4FB7-AEEF-0FE4A29CDB9F}"
EndProject
Global
	GlobalSection(SolutionConfigurationPlatforms) = preSolution
		Debug|Any CPU = Debug|Any CPU
		Release|Any CPU = Release|Any CPU
	EndGlobalSection
	GlobalSection(ProjectConfigurationPlatforms) = postSolution
		{661CEA27-A05B-4FB7-AEEF-0FE4A29CDB9F}.Debug|Any CPU.ActiveCfg = Debug|Any CPU
		{661CEA27-A05B-4FB7-AEEF-0FE4A29CDB9F}.Debug|Any CPU.Build.0 = Debug|Any CPU
		{661CEA27-A05B-4FB7-AEEF-0FE4A29CDB9F}.Release|Any CPU.ActiveCfg = Release|Any CPU
		{661CEA27-A05B-4FB7-AEEF-0FE4A29CDB9F}.Release|Any CPU.Build.0 = Release|Any CPU
	EndGlobalSection
	GlobalSection(SolutionProperties) = preSolution
		HideSolutionNode = FALSE
	EndGlobalSection
	GlobalSection(ExtensibilityGlobals) = postSolution
		SolutionGuid = {FD9AD35A-80BE-4E41-BDB9-3B99BA8FFD18}
	EndGlobalSection
EndGlobal
