
Microsoft Visual Studio Solution File, Format Version 12.00
# Visual Studio Version 16
VisualStudioVersion = 16.0.32002.261
MinimumVisualStudioVersion = 10.0.40219.1
Project("{FAE04EC0-301F-11D3-BF4B-00C04F79EFBC}") = "Function and methos", "Function and methos.csproj", "{0D8CAB4C-C7CD-427F-9EF8-E174BD3C6B8B}"
EndProject
Global
	GlobalSection(SolutionConfigurationPlatforms) = preSolution
		Debug|Any CPU = Debug|Any CPU
		Release|Any CPU = Release|Any CPU
	EndGlobalSection
	GlobalSection(ProjectConfigurationPlatforms) = postSolution
		{0D8CAB4C-C7CD-427F-9EF8-E174BD3C6B8B}.Debug|Any CPU.ActiveCfg = Debug|Any CPU
		{0D8CAB4C-C7CD-427F-9EF8-E174BD3C6B8B}.Debug|Any CPU.Build.0 = Debug|Any CPU
		{0D8CAB4C-C7CD-427F-9EF8-E174BD3C6B8B}.Release|Any CPU.ActiveCfg = Release|Any CPU
		{0D8CAB4C-C7CD-427F-9EF8-E174BD3C6B8B}.Release|Any CPU.Build.0 = Release|Any CPU
	EndGlobalSection
	GlobalSection(SolutionProperties) = preSolution
		HideSolutionNode = FALSE
	EndGlobalSection
	GlobalSection(ExtensibilityGlobals) = postSolution
		SolutionGuid = {8347FE95-344A-433A-BCDB-C9D526FCD589}
	EndGlobalSection
EndGlobal
